
Microsoft Visual Studio Solution File, Format Version 12.00
# Visual Studio 15
VisualStudioVersion = 15.0.27130.2020
MinimumVisualStudioVersion = 10.0.40219.1
Project("{FAE04EC0-301F-11D3-BF4B-00C04F79EFBC}") = "ExtensionCommon", "ExtensionCommon\ExtensionCommon.csproj", "{987E0F54-473F-4405-B65F-A4A25CBD03D7}"
EndProject
Project("{FAE04EC0-301F-11D3-BF4B-00C04F79EFBC}") = "TagLibrary", "TagLibrary\TagLibrary.csproj", "{E2C5E6BB-214D-4F7C-8D9F-4DC4E7B53CB4}"
EndProject
Project("{2150E333-8FDC-42A3-9474-1A3956D46DE8}") = "Extensions", "Extensions", "{7919324A-072A-45F9-AD5C-4251D45C1536}"
EndProject
Project("{FAE04EC0-301F-11D3-BF4B-00C04F79EFBC}") = "Extension.mp3", "Extension.mp3\Extension.mp3.csproj", "{F176AE4B-F35A-4735-98B6-E4E2A46F5AC9}"
EndProject
Project("{FAE04EC0-301F-11D3-BF4B-00C04F79EFBC}") = "Extension.png", "Extension.png\Extension.png.csproj", "{18622A01-D6F2-444B-9700-8FE9328398FB}"
EndProject
Project("{FAE04EC0-301F-11D3-BF4B-00C04F79EFBC}") = "Extension.mp4", "Extension.mp4\Extension.mp4.csproj", "{98AE1E50-3C4D-49B4-9D95-8292A215A154}"
EndProject
Global
	GlobalSection(SolutionConfigurationPlatforms) = preSolution
		Debug|Any CPU = Debug|Any CPU
		Debug|ARM = Debug|ARM
		Debug|x64 = Debug|x64
		Debug|x86 = Debug|x86
		Release|Any CPU = Release|Any CPU
		Release|ARM = Release|ARM
		Release|x64 = Release|x64
		Release|x86 = Release|x86
	EndGlobalSection
	GlobalSection(ProjectConfigurationPlatforms) = postSolution
		{987E0F54-473F-4405-B65F-A4A25CBD03D7}.Debug|Any CPU.ActiveCfg = Debug|Any CPU
		{987E0F54-473F-4405-B65F-A4A25CBD03D7}.Debug|Any CPU.Build.0 = Debug|Any CPU
		{987E0F54-473F-4405-B65F-A4A25CBD03D7}.Debug|ARM.ActiveCfg = Debug|Any CPU
		{987E0F54-473F-4405-B65F-A4A25CBD03D7}.Debug|ARM.Build.0 = Debug|Any CPU
		{987E0F54-473F-4405-B65F-A4A25CBD03D7}.Debug|x64.ActiveCfg = Debug|Any CPU
		{987E0F54-473F-4405-B65F-A4A25CBD03D7}.Debug|x64.Build.0 = Debug|Any CPU
		{987E0F54-473F-4405-B65F-A4A25CBD03D7}.Debug|x86.ActiveCfg = Debug|Any CPU
		{987E0F54-473F-4405-B65F-A4A25CBD03D7}.Debug|x86.Build.0 = Debug|Any CPU
		{987E0F54-473F-4405-B65F-A4A25CBD03D7}.Release|Any CPU.ActiveCfg = Release|Any CPU
		{987E0F54-473F-4405-B65F-A4A25CBD03D7}.Release|Any CPU.Build.0 = Release|Any CPU
		{987E0F54-473F-4405-B65F-A4A25CBD03D7}.Release|ARM.ActiveCfg = Release|Any CPU
		{987E0F54-473F-4405-B65F-A4A25CBD03D7}.Release|ARM.Build.0 = Release|Any CPU
		{987E0F54-473F-4405-B65F-A4A25CBD03D7}.Release|x64.ActiveCfg = Release|Any CPU
		{987E0F54-473F-4405-B65F-A4A25CBD03D7}.Release|x64.Build.0 = Release|Any CPU
		{987E0F54-473F-4405-B65F-A4A25CBD03D7}.Release|x86.ActiveCfg = Release|Any CPU
		{987E0F54-473F-4405-B65F-A4A25CBD03D7}.Release|x86.Build.0 = Release|Any CPU
		{E2C5E6BB-214D-4F7C-8D9F-4DC4E7B53CB4}.Debug|Any CPU.ActiveCfg = Debug|Any CPU
		{E2C5E6BB-214D-4F7C-8D9F-4DC4E7B53CB4}.Debug|Any CPU.Build.0 = Debug|Any CPU
		{E2C5E6BB-214D-4F7C-8D9F-4DC4E7B53CB4}.Debug|ARM.ActiveCfg = Debug|Any CPU
		{E2C5E6BB-214D-4F7C-8D9F-4DC4E7B53CB4}.Debug|ARM.Build.0 = Debug|Any CPU
		{E2C5E6BB-214D-4F7C-8D9F-4DC4E7B53CB4}.Debug|x64.ActiveCfg = Debug|Any CPU
		{E2C5E6BB-214D-4F7C-8D9F-4DC4E7B53CB4}.Debug|x64.Build.0 = Debug|Any CPU
		{E2C5E6BB-214D-4F7C-8D9F-4DC4E7B53CB4}.Debug|x86.ActiveCfg = Debug|Any CPU
		{E2C5E6BB-214D-4F7C-8D9F-4DC4E7B53CB4}.Debug|x86.Build.0 = Debug|Any CPU
		{E2C5E6BB-214D-4F7C-8D9F-4DC4E7B53CB4}.Release|Any CPU.ActiveCfg = Release|Any CPU
		{E2C5E6BB-214D-4F7C-8D9F-4DC4E7B53CB4}.Release|Any CPU.Build.0 = Release|Any CPU
		{E2C5E6BB-214D-4F7C-8D9F-4DC4E7B53CB4}.Release|ARM.ActiveCfg = Release|Any CPU
		{E2C5E6BB-214D-4F7C-8D9F-4DC4E7B53CB4}.Release|ARM.Build.0 = Release|Any CPU
		{E2C5E6BB-214D-4F7C-8D9F-4DC4E7B53CB4}.Release|x64.ActiveCfg = Release|Any CPU
		{E2C5E6BB-214D-4F7C-8D9F-4DC4E7B53CB4}.Release|x64.Build.0 = Release|Any CPU
		{E2C5E6BB-214D-4F7C-8D9F-4DC4E7B53CB4}.Release|x86.ActiveCfg = Release|Any CPU
		{E2C5E6BB-214D-4F7C-8D9F-4DC4E7B53CB4}.Release|x86.Build.0 = Release|Any CPU
		{F176AE4B-F35A-4735-98B6-E4E2A46F5AC9}.Debug|Any CPU.ActiveCfg = Debug|Any CPU
		{F176AE4B-F35A-4735-98B6-E4E2A46F5AC9}.Debug|Any CPU.Build.0 = Debug|Any CPU
		{F176AE4B-F35A-4735-98B6-E4E2A46F5AC9}.Debug|ARM.ActiveCfg = Debug|Any CPU
		{F176AE4B-F35A-4735-98B6-E4E2A46F5AC9}.Debug|ARM.Build.0 = Debug|Any CPU
		{F176AE4B-F35A-4735-98B6-E4E2A46F5AC9}.Debug|x64.ActiveCfg = Debug|Any CPU
		{F176AE4B-F35A-4735-98B6-E4E2A46F5AC9}.Debug|x64.Build.0 = Debug|Any CPU
		{F176AE4B-F35A-4735-98B6-E4E2A46F5AC9}.Debug|x86.ActiveCfg = Debug|Any CPU
		{F176AE4B-F35A-4735-98B6-E4E2A46F5AC9}.Debug|x86.Build.0 = Debug|Any CPU
		{F176AE4B-F35A-4735-98B6-E4E2A46F5AC9}.Release|Any CPU.ActiveCfg = Release|Any CPU
		{F176AE4B-F35A-4735-98B6-E4E2A46F5AC9}.Release|Any CPU.Build.0 = Release|Any CPU
		{F176AE4B-F35A-4735-98B6-E4E2A46F5AC9}.Release|ARM.ActiveCfg = Release|Any CPU
		{F176AE4B-F35A-4735-98B6-E4E2A46F5AC9}.Release|ARM.Build.0 = Release|Any CPU
		{F176AE4B-F35A-4735-98B6-E4E2A46F5AC9}.Release|x64.ActiveCfg = Release|Any CPU
		{F176AE4B-F35A-4735-98B6-E4E2A46F5AC9}.Release|x64.Build.0 = Release|Any CPU
		{F176AE4B-F35A-4735-98B6-E4E2A46F5AC9}.Release|x86.ActiveCfg = Release|Any CPU
		{F176AE4B-F35A-4735-98B6-E4E2A46F5AC9}.Release|x86.Build.0 = Release|Any CPU
		{18622A01-D6F2-444B-9700-8FE9328398FB}.Debug|Any CPU.ActiveCfg = Debug|Any CPU
		{18622A01-D6F2-444B-9700-8FE9328398FB}.Debug|Any CPU.Build.0 = Debug|Any CPU
		{18622A01-D6F2-444B-9700-8FE9328398FB}.Debug|ARM.ActiveCfg = Debug|Any CPU
		{18622A01-D6F2-444B-9700-8FE9328398FB}.Debug|ARM.Build.0 = Debug|Any CPU
		{18622A01-D6F2-444B-9700-8FE9328398FB}.Debug|x64.ActiveCfg = Debug|Any CPU
		{18622A01-D6F2-444B-9700-8FE9328398FB}.Debug|x64.Build.0 = Debug|Any CPU
		{18622A01-D6F2-444B-9700-8FE9328398FB}.Debug|x86.ActiveCfg = Debug|Any CPU
		{18622A01-D6F2-444B-9700-8FE9328398FB}.Debug|x86.Build.0 = Debug|Any CPU
		{18622A01-D6F2-444B-9700-8FE9328398FB}.Release|Any CPU.ActiveCfg = Release|Any CPU
		{18622A01-D6F2-444B-9700-8FE9328398FB}.Release|Any CPU.Build.0 = Release|Any CPU
		{18622A01-D6F2-444B-9700-8FE9328398FB}.Release|ARM.ActiveCfg = Release|Any CPU
		{18622A01-D6F2-444B-9700-8FE9328398FB}.Release|ARM.Build.0 = Release|Any CPU
		{18622A01-D6F2-444B-9700-8FE9328398FB}.Release|x64.ActiveCfg = Release|Any CPU
		{18622A01-D6F2-444B-9700-8FE9328398FB}.Release|x64.Build.0 = Release|Any CPU
		{18622A01-D6F2-444B-9700-8FE9328398FB}.Release|x86.ActiveCfg = Release|Any CPU
		{18622A01-D6F2-444B-9700-8FE9328398FB}.Release|x86.Build.0 = Release|Any CPU
		{98AE1E50-3C4D-49B4-9D95-8292A215A154}.Debug|Any CPU.ActiveCfg = Debug|Any CPU
		{98AE1E50-3C4D-49B4-9D95-8292A215A154}.Debug|Any CPU.Build.0 = Debug|Any CPU
		{98AE1E50-3C4D-49B4-9D95-8292A215A154}.Debug|ARM.ActiveCfg = Debug|Any CPU
		{98AE1E50-3C4D-49B4-9D95-8292A215A154}.Debug|ARM.Build.0 = Debug|Any CPU
		{98AE1E50-3C4D-49B4-9D95-8292A215A154}.Debug|x64.ActiveCfg = Debug|Any CPU
		{98AE1E50-3C4D-49B4-9D95-8292A215A154}.Debug|x64.Build.0 = Debug|Any CPU
		{98AE1E50-3C4D-49B4-9D95-8292A215A154}.Debug|x86.ActiveCfg = Debug|Any CPU
		{98AE1E50-3C4D-49B4-9D95-8292A215A154}.Debug|x86.Build.0 = Debug|Any CPU
		{98AE1E50-3C4D-49B4-9D95-8292A215A154}.Release|Any CPU.ActiveCfg = Release|Any CPU
		{98AE1E50-3C4D-49B4-9D95-8292A215A154}.Release|Any CPU.Build.0 = Release|Any CPU
		{98AE1E50-3C4D-49B4-9D95-8292A215A154}.Release|ARM.ActiveCfg = Release|Any CPU
		{98AE1E50-3C4D-49B4-9D95-8292A215A154}.Release|ARM.Build.0 = Release|Any CPU
		{98AE1E50-3C4D-49B4-9D95-8292A215A154}.Release|x64.ActiveCfg = Release|Any CPU
		{98AE1E50-3C4D-49B4-9D95-8292A215A154}.Release|x64.Build.0 = Release|Any CPU
		{98AE1E50-3C4D-49B4-9D95-8292A215A154}.Release|x86.ActiveCfg = Release|Any CPU
		{98AE1E50-3C4D-49B4-9D95-8292A215A154}.Release|x86.Build.0 = Release|Any CPU
	EndGlobalSection
	GlobalSection(SolutionProperties) = preSolution
		HideSolutionNode = FALSE
	EndGlobalSection
	GlobalSection(NestedProjects) = preSolution
		{F176AE4B-F35A-4735-98B6-E4E2A46F5AC9} = {7919324A-072A-45F9-AD5C-4251D45C1536}
		{18622A01-D6F2-444B-9700-8FE9328398FB} = {7919324A-072A-45F9-AD5C-4251D45C1536}
		{98AE1E50-3C4D-49B4-9D95-8292A215A154} = {7919324A-072A-45F9-AD5C-4251D45C1536}
	EndGlobalSection
	GlobalSection(ExtensibilityGlobals) = postSolution
		SolutionGuid = {4F54B8DE-670B-480A-A8D5-C22B46552704}
	EndGlobalSection
EndGlobal
